{
  "name": "mhchemparser",
  "lockfileVersion": 2,
  "requires": true,
  "packages": {
    "": {
      "dependencies": {
        "mathoid-texvcjs": "^0.5.0",
        "mhchemparser": "^4.1.1"
      }
    },
    "node_modules/mathoid-texvcjs": {
      "version": "0.5.1",
      "resolved": "https://registry.npmjs.org/mathoid-texvcjs/-/mathoid-texvcjs-0.5.1.tgz",
      "integrity": "sha512-nGqZOFNg0Np3LeHOgV7RyJbwHS7y7la7NPNEkB7LuvuGPxz4L7DqdVg+albi2TmNjamOY7vZNgM0FqxwYcB5XA==",
      "dependencies": {
        "commander": "~9.4.1"
      },
      "bin": {
        "texvcjs": "bin/texvcjs"
      }
    },
    "node_modules/mathoid-texvcjs/node_modules/commander": {
      "version": "9.4.1",
      "resolved": "https://registry.npmjs.org/commander/-/commander-9.4.1.tgz",
      "integrity": "sha512-5EEkTNyHNGFPD2H+c/dXXfQZYa/scCKasxWcXJaWnNJ99pnQN9Vnmqow+p+PlFPE63Q6mThaZws1T+HxfpgtPw==",
      "engines": {
        "node": "^12.20.0 || >=14"
      }
    },
    "node_modules/mhchemparser": {
      "version": "4.1.1",
      "resolved": "https://registry.npmjs.org/mhchemparser/-/mhchemparser-4.1.1.tgz",
      "integrity": "sha512-R75CUN6O6e1t8bgailrF1qPq+HhVeFTM3XQ0uzI+mXTybmphy3b6h4NbLOYhemViQ3lUs+6CKRkC3Ws1TlYREA=="
    }
  },
  "dependencies": {
    "mathoid-texvcjs": {
      "version": "0.5.1",
      "resolved": "https://registry.npmjs.org/mathoid-texvcjs/-/mathoid-texvcjs-0.5.1.tgz",
      "integrity": "sha512-nGqZOFNg0Np3LeHOgV7RyJbwHS7y7la7NPNEkB7LuvuGPxz4L7DqdVg+albi2TmNjamOY7vZNgM0FqxwYcB5XA==",
      "requires": {
        "commander": "~9.4.1"
      },
      "dependencies": {
        "commander": {
          "version": "9.4.1",
          "resolved": "https://registry.npmjs.org/commander/-/commander-9.4.1.tgz",
          "integrity": "sha512-5EEkTNyHNGFPD2H+c/dXXfQZYa/scCKasxWcXJaWnNJ99pnQN9Vnmqow+p+PlFPE63Q6mThaZws1T+HxfpgtPw=="
        }
      }
    },
    "mhchemparser": {
      "version": "4.1.1",
      "resolved": "https://registry.npmjs.org/mhchemparser/-/mhchemparser-4.1.1.tgz",
      "integrity": "sha512-R75CUN6O6e1t8bgailrF1qPq+HhVeFTM3XQ0uzI+mXTybmphy3b6h4NbLOYhemViQ3lUs+6CKRkC3Ws1TlYREA=="
    }
  }
}
